
Microsoft Visual Studio Solution File, Format Version 12.00
# Visual Studio Version 16
VisualStudioVersion = 16.0.30413.136
MinimumVisualStudioVersion = 10.0.40219.1
Project("{FAE04EC0-301F-11D3-BF4B-00C04F79EFBC}") = "WebSocketDemo", "WebSocketDemo\WebSocketDemo.csproj", "{8A823C0E-5675-4779-B1A8-EC3810ABDB31}"
EndProject
Global
	GlobalSection(SolutionConfigurationPlatforms) = preSolution
		Debug|Any CPU = Debug|Any CPU
		Release|Any CPU = Release|Any CPU
	EndGlobalSection
	GlobalSection(ProjectConfigurationPlatforms) = postSolution
		{8A823C0E-5675-4779-B1A8-EC3810ABDB31}.Debug|Any CPU.ActiveCfg = Debug|Any CPU
		{8A823C0E-5675-4779-B1A8-EC3810ABDB31}.Debug|Any CPU.Build.0 = Debug|Any CPU
		{8A823C0E-5675-4779-B1A8-EC3810ABDB31}.Release|Any CPU.ActiveCfg = Release|Any CPU
		{8A823C0E-5675-4779-B1A8-EC3810ABDB31}.Release|Any CPU.Build.0 = Release|Any CPU
	EndGlobalSection
	GlobalSection(SolutionProperties) = preSolution
		HideSolutionNode = FALSE
	EndGlobalSection
	GlobalSection(ExtensibilityGlobals) = postSolution
		SolutionGuid = {FDE1D013-B984-4E20-9861-6AD07D60C9D3}
	EndGlobalSection
EndGlobal
