
Microsoft Visual Studio Solution File, Format Version 12.00
# Visual Studio 15
VisualStudioVersion = 15.0.28307.852
MinimumVisualStudioVersion = 10.0.40219.1
Project("{FAE04EC0-301F-11D3-BF4B-00C04F79EFBC}") = "GetCultureFromString", "GetCultureFromString\GetCultureFromString.csproj", "{77AEC6BE-2295-4408-9828-2751F7AE2B77}"
EndProject
Global
	GlobalSection(SolutionConfigurationPlatforms) = preSolution
		Debug|Any CPU = Debug|Any CPU
		Release|Any CPU = Release|Any CPU
	EndGlobalSection
	GlobalSection(ProjectConfigurationPlatforms) = postSolution
		{77AEC6BE-2295-4408-9828-2751F7AE2B77}.Debug|Any CPU.ActiveCfg = Debug|Any CPU
		{77AEC6BE-2295-4408-9828-2751F7AE2B77}.Debug|Any CPU.Build.0 = Debug|Any CPU
		{77AEC6BE-2295-4408-9828-2751F7AE2B77}.Release|Any CPU.ActiveCfg = Release|Any CPU
		{77AEC6BE-2295-4408-9828-2751F7AE2B77}.Release|Any CPU.Build.0 = Release|Any CPU
	EndGlobalSection
	GlobalSection(SolutionProperties) = preSolution
		HideSolutionNode = FALSE
	EndGlobalSection
	GlobalSection(ExtensibilityGlobals) = postSolution
		SolutionGuid = {EBE24DAD-8028-4BDF-A712-9EFA8E4C2A4F}
	EndGlobalSection
EndGlobal
