
Microsoft Visual Studio Solution File, Format Version 12.00
# Visual Studio 15
VisualStudioVersion = 15.0.28307.852
MinimumVisualStudioVersion = 10.0.40219.1
Project("{FAE04EC0-301F-11D3-BF4B-00C04F79EFBC}") = "WordDocumentGenerator", "WordDocumentGenerator\WordDocumentGenerator.csproj", "{7F7B3BD8-7D8A-4288-8AE9-2E53ED28CA63}"
EndProject
Global
	GlobalSection(SolutionConfigurationPlatforms) = preSolution
		Debug|Any CPU = Debug|Any CPU
		Release|Any CPU = Release|Any CPU
	EndGlobalSection
	GlobalSection(ProjectConfigurationPlatforms) = postSolution
		{7F7B3BD8-7D8A-4288-8AE9-2E53ED28CA63}.Debug|Any CPU.ActiveCfg = Debug|Any CPU
		{7F7B3BD8-7D8A-4288-8AE9-2E53ED28CA63}.Debug|Any CPU.Build.0 = Debug|Any CPU
		{7F7B3BD8-7D8A-4288-8AE9-2E53ED28CA63}.Release|Any CPU.ActiveCfg = Release|Any CPU
		{7F7B3BD8-7D8A-4288-8AE9-2E53ED28CA63}.Release|Any CPU.Build.0 = Release|Any CPU
	EndGlobalSection
	GlobalSection(SolutionProperties) = preSolution
		HideSolutionNode = FALSE
	EndGlobalSection
	GlobalSection(ExtensibilityGlobals) = postSolution
		SolutionGuid = {131EE5C4-881A-4A7F-8D1A-9682F5E08D90}
	EndGlobalSection
EndGlobal
