
Microsoft Visual Studio Solution File, Format Version 12.00
# Visual Studio 15
VisualStudioVersion = 15.0.28307.902
MinimumVisualStudioVersion = 10.0.40219.1
Project("{FAE04EC0-301F-11D3-BF4B-00C04F79EFBC}") = "GetWinUserLoginName", "GetWinUserLoginName\GetWinUserLoginName.csproj", "{68632505-5E2A-4209-AECC-9A3B1E5BCCE2}"
EndProject
Global
	GlobalSection(SolutionConfigurationPlatforms) = preSolution
		Debug|Any CPU = Debug|Any CPU
		Release|Any CPU = Release|Any CPU
	EndGlobalSection
	GlobalSection(ProjectConfigurationPlatforms) = postSolution
		{68632505-5E2A-4209-AECC-9A3B1E5BCCE2}.Debug|Any CPU.ActiveCfg = Debug|Any CPU
		{68632505-5E2A-4209-AECC-9A3B1E5BCCE2}.Debug|Any CPU.Build.0 = Debug|Any CPU
		{68632505-5E2A-4209-AECC-9A3B1E5BCCE2}.Release|Any CPU.ActiveCfg = Release|Any CPU
		{68632505-5E2A-4209-AECC-9A3B1E5BCCE2}.Release|Any CPU.Build.0 = Release|Any CPU
	EndGlobalSection
	GlobalSection(SolutionProperties) = preSolution
		HideSolutionNode = FALSE
	EndGlobalSection
	GlobalSection(ExtensibilityGlobals) = postSolution
		SolutionGuid = {CFF06B53-7CAB-4C53-AB5B-0E338C29E833}
	EndGlobalSection
EndGlobal
