
Microsoft Visual Studio Solution File, Format Version 12.00
# Visual Studio Version 16
VisualStudioVersion = 16.0.30204.135
MinimumVisualStudioVersion = 10.0.40219.1
Project("{FAE04EC0-301F-11D3-BF4B-00C04F79EFBC}") = "StarBcrApi", "StarBcrApi\StarBcrApi.csproj", "{3600BBB7-1EF2-4315-BF66-12DA3DC9181B}"
EndProject
Global
	GlobalSection(SolutionConfigurationPlatforms) = preSolution
		Debug|Any CPU = Debug|Any CPU
		Release|Any CPU = Release|Any CPU
	EndGlobalSection
	GlobalSection(ProjectConfigurationPlatforms) = postSolution
		{3600BBB7-1EF2-4315-BF66-12DA3DC9181B}.Debug|Any CPU.ActiveCfg = Debug|Any CPU
		{3600BBB7-1EF2-4315-BF66-12DA3DC9181B}.Debug|Any CPU.Build.0 = Debug|Any CPU
		{3600BBB7-1EF2-4315-BF66-12DA3DC9181B}.Release|Any CPU.ActiveCfg = Release|Any CPU
		{3600BBB7-1EF2-4315-BF66-12DA3DC9181B}.Release|Any CPU.Build.0 = Release|Any CPU
	EndGlobalSection
	GlobalSection(SolutionProperties) = preSolution
		HideSolutionNode = FALSE
	EndGlobalSection
	GlobalSection(ExtensibilityGlobals) = postSolution
		SolutionGuid = {DB7B8DB3-44E1-4836-9322-BB1249DA8A62}
	EndGlobalSection
EndGlobal
