
Microsoft Visual Studio Solution File, Format Version 12.00
# Visual Studio Version 16
VisualStudioVersion = 16.0.30717.126
MinimumVisualStudioVersion = 10.0.40219.1
Project("{FAE04EC0-301F-11D3-BF4B-00C04F79EFBC}") = "TcpListnerIpFromHost", "TcpListnerIpFromHost\TcpListnerIpFromHost.csproj", "{6EFF4246-B8F0-42DC-8F93-BD2C58761718}"
EndProject
Global
	GlobalSection(SolutionConfigurationPlatforms) = preSolution
		Debug|Any CPU = Debug|Any CPU
		Release|Any CPU = Release|Any CPU
	EndGlobalSection
	GlobalSection(ProjectConfigurationPlatforms) = postSolution
		{6EFF4246-B8F0-42DC-8F93-BD2C58761718}.Debug|Any CPU.ActiveCfg = Debug|Any CPU
		{6EFF4246-B8F0-42DC-8F93-BD2C58761718}.Debug|Any CPU.Build.0 = Debug|Any CPU
		{6EFF4246-B8F0-42DC-8F93-BD2C58761718}.Release|Any CPU.ActiveCfg = Release|Any CPU
		{6EFF4246-B8F0-42DC-8F93-BD2C58761718}.Release|Any CPU.Build.0 = Release|Any CPU
	EndGlobalSection
	GlobalSection(SolutionProperties) = preSolution
		HideSolutionNode = FALSE
	EndGlobalSection
	GlobalSection(ExtensibilityGlobals) = postSolution
		SolutionGuid = {15BA5651-DCA8-40A6-9CBC-3B52E569B5E2}
	EndGlobalSection
EndGlobal
