
Microsoft Visual Studio Solution File, Format Version 12.00
# Visual Studio 15
VisualStudioVersion = 15.0.28307.902
MinimumVisualStudioVersion = 10.0.40219.1
Project("{FAE04EC0-301F-11D3-BF4B-00C04F79EFBC}") = "WordDocumentTest", "WordDocumentTest\WordDocumentTest.csproj", "{CD377D11-9A7D-4E75-8DD7-4F45AB271C6C}"
EndProject
Project("{FAE04EC0-301F-11D3-BF4B-00C04F79EFBC}") = "Word-VSTO-Document", "Word-VSTO-Document\Word-VSTO-Document.csproj", "{AEDDA69A-3849-424B-919E-AD338B79B5F3}"
EndProject
Global
	GlobalSection(SolutionConfigurationPlatforms) = preSolution
		Debug|Any CPU = Debug|Any CPU
		Release|Any CPU = Release|Any CPU
	EndGlobalSection
	GlobalSection(ProjectConfigurationPlatforms) = postSolution
		{CD377D11-9A7D-4E75-8DD7-4F45AB271C6C}.Debug|Any CPU.ActiveCfg = Debug|Any CPU
		{CD377D11-9A7D-4E75-8DD7-4F45AB271C6C}.Debug|Any CPU.Build.0 = Debug|Any CPU
		{CD377D11-9A7D-4E75-8DD7-4F45AB271C6C}.Release|Any CPU.ActiveCfg = Release|Any CPU
		{CD377D11-9A7D-4E75-8DD7-4F45AB271C6C}.Release|Any CPU.Build.0 = Release|Any CPU
		{AEDDA69A-3849-424B-919E-AD338B79B5F3}.Debug|Any CPU.ActiveCfg = Debug|Any CPU
		{AEDDA69A-3849-424B-919E-AD338B79B5F3}.Debug|Any CPU.Build.0 = Debug|Any CPU
		{AEDDA69A-3849-424B-919E-AD338B79B5F3}.Release|Any CPU.ActiveCfg = Release|Any CPU
		{AEDDA69A-3849-424B-919E-AD338B79B5F3}.Release|Any CPU.Build.0 = Release|Any CPU
	EndGlobalSection
	GlobalSection(SolutionProperties) = preSolution
		HideSolutionNode = FALSE
	EndGlobalSection
	GlobalSection(ExtensibilityGlobals) = postSolution
		SolutionGuid = {50165144-DE02-4C29-8FC0-401BD1BF3D11}
	EndGlobalSection
EndGlobal
