
Microsoft Visual Studio Solution File, Format Version 12.00
# Visual Studio 15
VisualStudioVersion = 15.0.28307.852
MinimumVisualStudioVersion = 10.0.40219.1
Project("{FAE04EC0-301F-11D3-BF4B-00C04F79EFBC}") = "UnitTestWinFormWhite", "UnitTestWinFormWhite\UnitTestWinFormWhite.csproj", "{62D79978-E725-4297-BC0B-3E5107A3E9D9}"
EndProject
Project("{FAE04EC0-301F-11D3-BF4B-00C04F79EFBC}") = "WinFormApp", "WinFormApp\WinFormApp.csproj", "{83BBE541-487B-45BC-8500-0B4A613E551A}"
EndProject
Global
	GlobalSection(SolutionConfigurationPlatforms) = preSolution
		Debug|Any CPU = Debug|Any CPU
		Release|Any CPU = Release|Any CPU
	EndGlobalSection
	GlobalSection(ProjectConfigurationPlatforms) = postSolution
		{62D79978-E725-4297-BC0B-3E5107A3E9D9}.Debug|Any CPU.ActiveCfg = Debug|Any CPU
		{62D79978-E725-4297-BC0B-3E5107A3E9D9}.Debug|Any CPU.Build.0 = Debug|Any CPU
		{62D79978-E725-4297-BC0B-3E5107A3E9D9}.Release|Any CPU.ActiveCfg = Release|Any CPU
		{62D79978-E725-4297-BC0B-3E5107A3E9D9}.Release|Any CPU.Build.0 = Release|Any CPU
		{83BBE541-487B-45BC-8500-0B4A613E551A}.Debug|Any CPU.ActiveCfg = Debug|Any CPU
		{83BBE541-487B-45BC-8500-0B4A613E551A}.Debug|Any CPU.Build.0 = Debug|Any CPU
		{83BBE541-487B-45BC-8500-0B4A613E551A}.Release|Any CPU.ActiveCfg = Release|Any CPU
		{83BBE541-487B-45BC-8500-0B4A613E551A}.Release|Any CPU.Build.0 = Release|Any CPU
	EndGlobalSection
	GlobalSection(SolutionProperties) = preSolution
		HideSolutionNode = FALSE
	EndGlobalSection
	GlobalSection(ExtensibilityGlobals) = postSolution
		SolutionGuid = {10B009E8-F1A3-42D9-AFEB-E773C564A660}
	EndGlobalSection
EndGlobal
