
Microsoft Visual Studio Solution File, Format Version 12.00
# Visual Studio 15
VisualStudioVersion = 15.0.28307.572
MinimumVisualStudioVersion = 10.0.40219.1
Project("{FAE04EC0-301F-11D3-BF4B-00C04F79EFBC}") = "WpfApp1", "WpfApp1\WpfApp1.csproj", "{743808FA-5236-4A19-8887-C7CC17991A6B}"
EndProject
Global
	GlobalSection(SolutionConfigurationPlatforms) = preSolution
		Debug|Any CPU = Debug|Any CPU
		Release|Any CPU = Release|Any CPU
	EndGlobalSection
	GlobalSection(ProjectConfigurationPlatforms) = postSolution
		{743808FA-5236-4A19-8887-C7CC17991A6B}.Debug|Any CPU.ActiveCfg = Debug|Any CPU
		{743808FA-5236-4A19-8887-C7CC17991A6B}.Debug|Any CPU.Build.0 = Debug|Any CPU
		{743808FA-5236-4A19-8887-C7CC17991A6B}.Release|Any CPU.ActiveCfg = Release|Any CPU
		{743808FA-5236-4A19-8887-C7CC17991A6B}.Release|Any CPU.Build.0 = Release|Any CPU
	EndGlobalSection
	GlobalSection(SolutionProperties) = preSolution
		HideSolutionNode = FALSE
	EndGlobalSection
	GlobalSection(ExtensibilityGlobals) = postSolution
		SolutionGuid = {EB15969A-96BD-407E-8DD1-E6A5462FB66C}
	EndGlobalSection
EndGlobal
