
Microsoft Visual Studio Solution File, Format Version 12.00
# Visual Studio 15
VisualStudioVersion = 15.0.28307.902
MinimumVisualStudioVersion = 10.0.40219.1
Project("{FAE04EC0-301F-11D3-BF4B-00C04F79EFBC}") = "FindPropertiesOfClassesInAssembly", "FindPropertiesOfClassesInAssembly\FindPropertiesOfClassesInAssembly.csproj", "{3D98D53A-DF98-49E0-A14A-C87BA2E0B7FC}"
EndProject
Global
	GlobalSection(SolutionConfigurationPlatforms) = preSolution
		Debug|Any CPU = Debug|Any CPU
		Release|Any CPU = Release|Any CPU
	EndGlobalSection
	GlobalSection(ProjectConfigurationPlatforms) = postSolution
		{3D98D53A-DF98-49E0-A14A-C87BA2E0B7FC}.Debug|Any CPU.ActiveCfg = Debug|Any CPU
		{3D98D53A-DF98-49E0-A14A-C87BA2E0B7FC}.Debug|Any CPU.Build.0 = Debug|Any CPU
		{3D98D53A-DF98-49E0-A14A-C87BA2E0B7FC}.Release|Any CPU.ActiveCfg = Release|Any CPU
		{3D98D53A-DF98-49E0-A14A-C87BA2E0B7FC}.Release|Any CPU.Build.0 = Release|Any CPU
	EndGlobalSection
	GlobalSection(SolutionProperties) = preSolution
		HideSolutionNode = FALSE
	EndGlobalSection
	GlobalSection(ExtensibilityGlobals) = postSolution
		SolutionGuid = {B2482A97-40E0-4999-902C-B53846CF7318}
	EndGlobalSection
EndGlobal
